// !$*UTF8*$!
{
	archiveVersion = 1;
	classes = {
	};
	objectVersion = 46;
	objects = {

/* Begin PBXBuildFile section */
		3D3EB0FA1E41056400927350 /* AppDelegate.swift in Sources */ = {isa = PBXBuildFile; fileRef = 3D3EB0F91E41056400927350 /* AppDelegate.swift */; };
		3D3EB0FC1E41056400927350 /* ViewController.swift in Sources */ = {isa = PBXBuildFile; fileRef = 3D3EB0FB1E41056400927350 /* ViewController.swift */; };
		3D3EB0FF1E41056400927350 /* Main.storyboard in Resources */ = {isa = PBXBuildFile; fileRef = 3D3EB0FD1E41056400927350 /* Main.storyboard */; };
		3D3EB1011E41056400927350 /* Assets.xcassets in Resources */ = {isa = PBXBuildFile; fileRef = 3D3EB1001E41056400927350 /* Assets.xcassets */; };
		3D3EB1041E41056400927350 /* LaunchScreen.storyboard in Resources */ = {isa = PBXBuildFile; fileRef = 3D3EB1021E41056400927350 /* LaunchScreen.storyboard */; };
		3D3EB10F1E41056400927350 /* uiStackViewDemoTests.swift in Sources */ = {isa = PBXBuildFile; fileRef = 3D3EB10E1E41056400927350 /* uiStackViewDemoTests.swift */; };
		3D3EB11A1E41056400927350 /* uiStackViewDemoUITests.swift in Sources */ = {isa = PBXBuildFile; fileRef = 3D3EB1191E41056400927350 /* uiStackViewDemoUITests.swift */; };
/* End PBXBuildFile section */

/* Begin PBXContainerItemProxy section */
		3D3EB10B1E41056400927350 /* PBXContainerItemProxy */ = {
			isa = PBXContainerItemProxy;
			containerPortal = 3D3EB0EE1E41056300927350 /* Project object */;
			proxyType = 1;
			remoteGlobalIDString = 3D3EB0F51E41056300927350;
			remoteInfo = uiStackViewDemo;
		};
		3D3EB1161E41056400927350 /* PBXContainerItemProxy */ = {
			isa = PBXContainerItemProxy;
			containerPortal = 3D3EB0EE1E41056300927350 /* Project object */;
			proxyType = 1;
			remoteGlobalIDString = 3D3EB0F51E41056300927350;
			remoteInfo = uiStackViewDemo;
		};
/* End PBXContainerItemProxy section */

/* Begin PBXFileReference section */
		3D3EB0F61E41056300927350 /* uiStackViewDemo.app */ = {isa = PBXFileReference; explicitFileType = wrapper.application; includeInIndex = 0; path = uiStackViewDemo.app; sourceTree = BUILT_PRODUCTS_DIR; };
		3D3EB0F91E41056400927350 /* AppDelegate.swift */ = {isa = PBXFileReference; lastKnownFileType = sourcecode.swift; path = AppDelegate.swift; sourceTree = "<group>"; };
		3D3EB0FB1E41056400927350 /* ViewController.swift */ = {isa = PBXFileReference; lastKnownFileType = sourcecode.swift; path = ViewController.swift; sourceTree = "<group>"; };
		3D3EB0FE1E41056400927350 /* Base */ = {isa = PBXFileReference; lastKnownFileType = file.storyboard; name = Base; path = Base.lproj/Main.storyboard; sourceTree = "<group>"; };
		3D3EB1001E41056400927350 /* Assets.xcassets */ = {isa = PBXFileReference; lastKnownFileType = folder.assetcatalog; path = Assets.xcassets; sourceTree = "<group>"; };
		3D3EB1031E41056400927350 /* Base */ = {isa = PBXFileReference; lastKnownFileType = file.storyboard; name = Base; path = Base.lproj/LaunchScreen.storyboard; sourceTree = "<group>"; };
		3D3EB1051E41056400927350 /* Info.plist */ = {isa = PBXFileReference; lastKnownFileType = text.plist.xml; path = Info.plist; sourceTree = "<group>"; };
		3D3EB10A1E41056400927350 /* uiStackViewDemoTests.xctest */ = {isa = PBXFileReference; explicitFileType = wrapper.cfbundle; includeInIndex = 0; path = uiStackViewDemoTests.xctest; sourceTree = BUILT_PRODUCTS_DIR; };
		3D3EB10E1E41056400927350 /* uiStackViewDemoTests.swift */ = {isa = PBXFileReference; lastKnownFileType = sourcecode.swift; path = uiStackViewDemoTests.swift; sourceTree = "<group>"; };
		3D3EB1101E41056400927350 /* Info.plist */ = {isa = PBXFileReference; lastKnownFileType = text.plist.xml; path = Info.plist; sourceTree = "<group>"; };
		3D3EB1151E41056400927350 /* uiStackViewDemoUITests.xctest */ = {isa = PBXFileReference; explicitFileType = wrapper.cfbundle; includeInIndex = 0; path = uiStackViewDemoUITests.xctest; sourceTree = BUILT_PRODUCTS_DIR; };
		3D3EB1191E41056400927350 /* uiStackViewDemoUITests.swift */ = {isa = PBXFileReference; lastKnownFileType = sourcecode.swift; path = uiStackViewDemoUITests.swift; sourceTree = "<group>"; };
		3D3EB11B1E41056400927350 /* Info.plist */ = {isa = PBXFileReference; lastKnownFileType = text.plist.xml; path = Info.plist; sourceTree = "<group>"; };
/* End PBXFileReference section */

/* Begin PBXFrameworksBuildPhase section */
		3D3EB0F31E41056300927350 /* Frameworks */ = {
			isa = PBXFrameworksBuildPhase;
			buildActionMask = 2147483647;
			files = (
			);
			runOnlyForDeploymentPostprocessing = 0;
		};
		3D3EB1071E41056400927350 /* Frameworks */ = {
			isa = PBXFrameworksBuildPhase;
			buildActionMask = 2147483647;
			files = (
			);
			runOnlyForDeploymentPostprocessing = 0;
		};
		3D3EB1121E41056400927350 /* Frameworks */ = {
			isa = PBXFrameworksBuildPhase;
			buildActionMask = 2147483647;
			files = (
			);
			runOnlyForDeploymentPostprocessing = 0;
		};
/* End PBXFrameworksBuildPhase section */

/* Begin PBXGroup section */
		3D3EB0ED1E41056300927350 = {
			isa = PBXGroup;
			children = (
				3D3EB0F81E41056300927350 /* uiStackViewDemo */,
				3D3EB10D1E41056400927350 /* uiStackViewDemoTests */,
				3D3EB1181E41056400927350 /* uiStackViewDemoUITests */,
				3D3EB0F71E41056300927350 /* Products */,
			);
			sourceTree = "<group>";
		};
		3D3EB0F71E41056300927350 /* Products */ = {
			isa = PBXGroup;
			children = (
				3D3EB0F61E41056300927350 /* uiStackViewDemo.app */,
				3D3EB10A1E41056400927350 /* uiStackViewDemoTests.xctest */,
				3D3EB1151E41056400927350 /* uiStackViewDemoUITests.xctest */,
			);
			name = Products;
			sourceTree = "<group>";
		};
		3D3EB0F81E41056300927350 /* uiStackViewDemo */ = {
			isa = PBXGroup;
			children = (
				3D3EB0F91E41056400927350 /* AppDelegate.swift */,
				3D3EB0FB1E41056400927350 /* ViewController.swift */,
				3D3EB0FD1E41056400927350 /* Main.storyboard */,
				3D3EB1001E41056400927350 /* Assets.xcassets */,
				3D3EB1021E41056400927350 /* LaunchScreen.storyboard */,
				3D3EB1051E41056400927350 /* Info.plist */,
			);
			path = uiStackViewDemo;
			sourceTree = "<group>";
		};
		3D3EB10D1E41056400927350 /* uiStackViewDemoTests */ = {
			isa = PBXGroup;
			children = (
				3D3EB10E1E41056400927350 /* uiStackViewDemoTests.swift */,
				3D3EB1101E41056400927350 /* Info.plist */,
			);
			path = uiStackViewDemoTests;
			sourceTree = "<group>";
		};
		3D3EB1181E41056400927350 /* uiStackViewDemoUITests */ = {
			isa = PBXGroup;
			children = (
				3D3EB1191E41056400927350 /* uiStackViewDemoUITests.swift */,
				3D3EB11B1E41056400927350 /* Info.plist */,
			);
			path = uiStackViewDemoUITests;
			sourceTree = "<group>";
		};
/* End PBXGroup section */

/* Begin PBXNativeTarget section */
		3D3EB0F51E41056300927350 /* uiStackViewDemo */ = {
			isa = PBXNativeTarget;
			buildConfigurationList = 3D3EB11E1E41056400927350 /* Build configuration list for PBXNativeTarget "uiStackViewDemo" */;
			buildPhases = (
				3D3EB0F21E41056300927350 /* Sources */,
				3D3EB0F31E41056300927350 /* Frameworks */,
				3D3EB0F41E41056300927350 /* Resources */,
			);
			buildRules = (
			);
			dependencies = (
			);
			name = uiStackViewDemo;
			productName = uiStackViewDemo;
			productReference = 3D3EB0F61E41056300927350 /* uiStackViewDemo.app */;
			productType = "com.apple.product-type.application";
		};
		3D3EB1091E41056400927350 /* uiStackViewDemoTests */ = {
			isa = PBXNativeTarget;
			buildConfigurationList = 3D3EB1211E41056400927350 /* Build configuration list for PBXNativeTarget "uiStackViewDemoTests" */;
			buildPhases = (
				3D3EB1061E41056400927350 /* Sources */,
				3D3EB1071E41056400927350 /* Frameworks */,
				3D3EB1081E41056400927350 /* Resources */,
			);
			buildRules = (
			);
			dependencies = (
				3D3EB10C1E41056400927350 /* PBXTargetDependency */,
			);
			name = uiStackViewDemoTests;
			productName = uiStackViewDemoTests;
			productReference = 3D3EB10A1E41056400927350 /* uiStackViewDemoTests.xctest */;
			productType = "com.apple.product-type.bundle.unit-test";
		};
		3D3EB1141E41056400927350 /* uiStackViewDemoUITests */ = {
			isa = PBXNativeTarget;
			buildConfigurationList = 3D3EB1241E41056400927350 /* Build configuration list for PBXNativeTarget "uiStackViewDemoUITests" */;
			buildPhases = (
				3D3EB1111E41056400927350 /* Sources */,
				3D3EB1121E41056400927350 /* Frameworks */,
				3D3EB1131E41056400927350 /* Resources */,
			);
			buildRules = (
			);
			dependencies = (
				3D3EB1171E41056400927350 /* PBXTargetDependency */,
			);
			name = uiStackViewDemoUITests;
			productName = uiStackViewDemoUITests;
			productReference = 3D3EB1151E41056400927350 /* uiStackViewDemoUITests.xctest */;
			productType = "com.apple.product-type.bundle.ui-testing";
		};
/* End PBXNativeTarget section */

/* Begin PBXProject section */
		3D3EB0EE1E41056300927350 /* Project object */ = {
			isa = PBXProject;
			attributes = {
				LastSwiftUpdateCheck = 0820;
				LastUpgradeCheck = 0820;
				ORGANIZATIONNAME = "Leo Fontes";
				TargetAttributes = {
					3D3EB0F51E41056300927350 = {
						CreatedOnToolsVersion = 8.2.1;
						DevelopmentTeam = 9E6ZNZ6URA;
						ProvisioningStyle = Automatic;
					};
					3D3EB1091E41056400927350 = {
						CreatedOnToolsVersion = 8.2.1;
						DevelopmentTeam = 9E6ZNZ6URA;
						ProvisioningStyle = Automatic;
						TestTargetID = 3D3EB0F51E41056300927350;
					};
					3D3EB1141E41056400927350 = {
						CreatedOnToolsVersion = 8.2.1;
						DevelopmentTeam = 9E6ZNZ6URA;
						ProvisioningStyle = Automatic;
						TestTargetID = 3D3EB0F51E41056300927350;
					};
				};
			};
			buildConfigurationList = 3D3EB0F11E41056300927350 /* Build configuration list for PBXProject "uiStackViewDemo" */;
			compatibilityVersion = "Xcode 3.2";
			developmentRegion = English;
			hasScannedForEncodings = 0;
			knownRegions = (
				en,
				Base,
			);
			mainGroup = 3D3EB0ED1E41056300927350;
			productRefGroup = 3D3EB0F71E41056300927350 /* Products */;
			projectDirPath = "";
			projectRoot = "";
			targets = (
				3D3EB0F51E41056300927350 /* uiStackViewDemo */,
				3D3EB1091E41056400927350 /* uiStackViewDemoTests */,
				3D3EB1141E41056400927350 /* uiStackViewDemoUITests */,
			);
		};
/* End PBXProject section */

/* Begin PBXResourcesBuildPhase section */
		3D3EB0F41E41056300927350 /* Resources */ = {
			isa = PBXResourcesBuildPhase;
			buildActionMask = 2147483647;
			files = (
				3D3EB1041E41056400927350 /* LaunchScreen.storyboard in Resources */,
				3D3EB1011E41056400927350 /* Assets.xcassets in Resources */,
				3D3EB0FF1E41056400927350 /* Main.storyboard in Resources */,
			);
			runOnlyForDeploymentPostprocessing = 0;
		};
		3D3EB1081E41056400927350 /* Resources */ = {
			isa = PBXResourcesBuildPhase;
			buildActionMask = 2147483647;
			files = (
			);
			runOnlyForDeploymentPostprocessing = 0;
		};
		3D3EB1131E41056400927350 /* Resources */ = {
			isa = PBXResourcesBuildPhase;
			buildActionMask = 2147483647;
			files = (
			);
			runOnlyForDeploymentPostprocessing = 0;
		};
/* End PBXResourcesBuildPhase section */

/* Begin PBXSourcesBuildPhase section */
		3D3EB0F21E41056300927350 /* Sources */ = {
			isa = PBXSourcesBuildPhase;
			buildActionMask = 2147483647;
			files = (
				3D3EB0FC1E41056400927350 /* ViewController.swift in Sources */,
				3D3EB0FA1E41056400927350 /* AppDelegate.swift in Sources */,
			);
			runOnlyForDeploymentPostprocessing = 0;
		};
		3D3EB1061E41056400927350 /* Sources */ = {
			isa = PBXSourcesBuildPhase;
			buildActionMask = 2147483647;
			files = (
				3D3EB10F1E41056400927350 /* uiStackViewDemoTests.swift in Sources */,
			);
			runOnlyForDeploymentPostprocessing = 0;
		};
		3D3EB1111E41056400927350 /* Sources */ = {
			isa = PBXSourcesBuildPhase;
			buildActionMask = 2147483647;
			files = (
				3D3EB11A1E41056400927350 /* uiStackViewDemoUITests.swift in Sources */,
			);
			runOnlyForDeploymentPostprocessing = 0;
		};
/* End PBXSourcesBuildPhase section */

/* Begin PBXTargetDependency section */
		3D3EB10C1E41056400927350 /* PBXTargetDependency */ = {
			isa = PBXTargetDependency;
			target = 3D3EB0F51E41056300927350 /* uiStackViewDemo */;
			targetProxy = 3D3EB10B1E41056400927350 /* PBXContainerItemProxy */;
		};
		3D3EB1171E41056400927350 /* PBXTargetDependency */ = {
			isa = PBXTargetDependency;
			target = 3D3EB0F51E41056300927350 /* uiStackViewDemo */;
			targetProxy = 3D3EB1161E41056400927350 /* PBXContainerItemProxy */;
		};
/* End PBXTargetDependency section */

/* Begin PBXVariantGroup section */
		3D3EB0FD1E41056400927350 /* Main.storyboard */ = {
			isa = PBXVariantGroup;
			children = (
				3D3EB0FE1E41056400927350 /* Base */,
			);
			name = Main.storyboard;
			sourceTree = "<group>";
		};
		3D3EB1021E41056400927350 /* LaunchScreen.storyboard */ = {
			isa = PBXVariantGroup;
			children = (
				3D3EB1031E41056400927350 /* Base */,
			);
			name = LaunchScreen.storyboard;
			sourceTree = "<group>";
		};
/* End PBXVariantGroup section */

/* Begin XCBuildConfiguration section */
		3D3EB11C1E41056400927350 /* Debug */ = {
			isa = XCBuildConfiguration;
			buildSettings = {
				ALWAYS_SEARCH_USER_PATHS = NO;
				CLANG_ANALYZER_NONNULL = YES;
				CLANG_CXX_LANGUAGE_STANDARD = "gnu++0x";
				CLANG_CXX_LIBRARY = "libc++";
				CLANG_ENABLE_MODULES = YES;
				CLANG_ENABLE_OBJC_ARC = YES;
				CLANG_WARN_BOOL_CONVERSION = YES;
				CLANG_WARN_CONSTANT_CONVERSION = YES;
				CLANG_WARN_DIRECT_OBJC_ISA_USAGE = YES_ERROR;
				CLANG_WARN_DOCUMENTATION_COMMENTS = YES;
				CLANG_WARN_EMPTY_BODY = YES;
				CLANG_WARN_ENUM_CONVERSION = YES;
				CLANG_WARN_INFINITE_RECURSION = YES;
				CLANG_WARN_INT_CONVERSION = YES;
				CLANG_WARN_OBJC_ROOT_CLASS = YES_ERROR;
				CLANG_WARN_SUSPICIOUS_MOVE = YES;
				CLANG_WARN_UNREACHABLE_CODE = YES;
				CLANG_WARN__DUPLICATE_METHOD_MATCH = YES;
				"CODE_SIGN_IDENTITY[sdk=iphoneos*]" = "iPhone Developer";
				COPY_PHASE_STRIP = NO;
				DEBUG_INFORMATION_FORMAT = dwarf;
				ENABLE_STRICT_OBJC_MSGSEND = YES;
				ENABLE_TESTABILITY = YES;
				GCC_C_LANGUAGE_STANDARD = gnu99;
				GCC_DYNAMIC_NO_PIC = NO;
				GCC_NO_COMMON_BLOCKS = YES;
				GCC_OPTIMIZATION_LEVEL = 0;
				GCC_PREPROCESSOR_DEFINITIONS = (
					"DEBUG=1",
					"$(inherited)",
				);
				GCC_WARN_64_TO_32_BIT_CONVERSION = YES;
				GCC_WARN_ABOUT_RETURN_TYPE = YES_ERROR;
				GCC_WARN_UNDECLARED_SELECTOR = YES;
				GCC_WARN_UNINITIALIZED_AUTOS = YES_AGGRESSIVE;
				GCC_WARN_UNUSED_FUNCTION = YES;
				GCC_WARN_UNUSED_VARIABLE = YES;
				IPHONEOS_DEPLOYMENT_TARGET = 10.2;
				MTL_ENABLE_DEBUG_INFO = YES;
				ONLY_ACTIVE_ARCH = YES;
				SDKROOT = iphoneos;
				SWIFT_ACTIVE_COMPILATION_CONDITIONS = DEBUG;
				SWIFT_OPTIMIZATION_LEVEL = "-Onone";
				TARGETED_DEVICE_FAMILY = "1,2";
			};
			name = Debug;
		};
		3D3EB11D1E41056400927350 /* Release */ = {
			isa = XCBuildConfiguration;
			buildSettings = {
				ALWAYS_SEARCH_USER_PATHS = NO;
				CLANG_ANALYZER_NONNULL = YES;
				CLANG_CXX_LANGUAGE_STANDARD = "gnu++0x";
				CLANG_CXX_LIBRARY = "libc++";
				CLANG_ENABLE_MODULES = YES;
				CLANG_ENABLE_OBJC_ARC = YES;
				CLANG_WARN_BOOL_CONVERSION = YES;
				CLANG_WARN_CONSTANT_CONVERSION = YES;
				CLANG_WARN_DIRECT_OBJC_ISA_USAGE = YES_ERROR;
				CLANG_WARN_DOCUMENTATION_COMMENTS = YES;
				CLANG_WARN_EMPTY_BODY = YES;
				CLANG_WARN_ENUM_CONVERSION = YES;
				CLANG_WARN_INFINITE_RECURSION = YES;
				CLANG_WARN_INT_CONVERSION = YES;
				CLANG_WARN_OBJC_ROOT_CLASS = YES_ERROR;
				CLANG_WARN_SUSPICIOUS_MOVE = YES;
				CLANG_WARN_UNREACHABLE_CODE = YES;
				CLANG_WARN__DUPLICATE_METHOD_MATCH = YES;
				"CODE_SIGN_IDENTITY[sdk=iphoneos*]" = "iPhone Developer";
				COPY_PHASE_STRIP = NO;
				DEBUG_INFORMATION_FORMAT = "dwarf-with-dsym";
				ENABLE_NS_ASSERTIONS = NO;
				ENABLE_STRICT_OBJC_MSGSEND = YES;
				GCC_C_LANGUAGE_STANDARD = gnu99;
				GCC_NO_COMMON_BLOCKS = YES;
				GCC_WARN_64_TO_32_BIT_CONVERSION = YES;
				GCC_WARN_ABOUT_RETURN_TYPE = YES_ERROR;
				GCC_WARN_UNDECLARED_SELECTOR = YES;
				GCC_WARN_UNINITIALIZED_AUTOS = YES_AGGRESSIVE;
				GCC_WARN_UNUSED_FUNCTION = YES;
				GCC_WARN_UNUSED_VARIABLE = YES;
				IPHONEOS_DEPLOYMENT_TARGET = 10.2;
				MTL_ENABLE_DEBUG_INFO = NO;
				SDKROOT = iphoneos;
				SWIFT_OPTIMIZATION_LEVEL = "-Owholemodule";
				TARGETED_DEVICE_FAMILY = "1,2";
				VALIDATE_PRODUCT = YES;
			};
			name = Release;
		};
		3D3EB11F1E41056400927350 /* Debug */ = {
			isa = XCBuildConfiguration;
			buildSettings = {
				ASSETCATALOG_COMPILER_APPICON_NAME = AppIcon;
				DEVELOPMENT_TEAM = 9E6ZNZ6URA;
				INFOPLIST_FILE = uiStackViewDemo/Info.plist;
				LD_RUNPATH_SEARCH_PATHS = "$(inherited) @executable_path/Frameworks";
				PRODUCT_BUNDLE_IDENTIFIER = leofontes.me.uiStackViewDemo;
				PRODUCT_NAME = "$(TARGET_NAME)";
				SWIFT_VERSION = 3.0;
			};
			name = Debug;
		};
		3D3EB1201E41056400927350 /* Release */ = {
			isa = XCBuildConfiguration;
			buildSettings = {
				ASSETCATALOG_COMPILER_APPICON_NAME = AppIcon;
				DEVELOPMENT_TEAM = 9E6ZNZ6URA;
				INFOPLIST_FILE = uiStackViewDemo/Info.plist;
				LD_RUNPATH_SEARCH_PATHS = "$(inherited) @executable_path/Frameworks";
				PRODUCT_BUNDLE_IDENTIFIER = leofontes.me.uiStackViewDemo;
				PRODUCT_NAME = "$(TARGET_NAME)";
				SWIFT_VERSION = 3.0;
			};
			name = Release;
		};
		3D3EB1221E41056400927350 /* Debug */ = {
			isa = XCBuildConfiguration;
			buildSettings = {
				ALWAYS_EMBED_SWIFT_STANDARD_LIBRARIES = YES;
				BUNDLE_LOADER = "$(TEST_HOST)";
				DEVELOPMENT_TEAM = 9E6ZNZ6URA;
				INFOPLIST_FILE = uiStackViewDemoTests/Info.plist;
				LD_RUNPATH_SEARCH_PATHS = "$(inherited) @executable_path/Frameworks @loader_path/Frameworks";
				PRODUCT_BUNDLE_IDENTIFIER = leofontes.me.uiStackViewDemoTests;
				PRODUCT_NAME = "$(TARGET_NAME)";
				SWIFT_VERSION = 3.0;
				TEST_HOST = "$(BUILT_PRODUCTS_DIR)/uiStackViewDemo.app/uiStackViewDemo";
			};
			name = Debug;
		};
		3D3EB1231E41056400927350 /* Release */ = {
			isa = XCBuildConfiguration;
			buildSettings = {
				ALWAYS_EMBED_SWIFT_STANDARD_LIBRARIES = YES;
				BUNDLE_LOADER = "$(TEST_HOST)";
				DEVELOPMENT_TEAM = 9E6ZNZ6URA;
				INFOPLIST_FILE = uiStackViewDemoTests/Info.plist;
				LD_RUNPATH_SEARCH_PATHS = "$(inherited) @executable_path/Frameworks @loader_path/Frameworks";
				PRODUCT_BUNDLE_IDENTIFIER = leofontes.me.uiStackViewDemoTests;
				PRODUCT_NAME = "$(TARGET_NAME)";
				SWIFT_VERSION = 3.0;
				TEST_HOST = "$(BUILT_PRODUCTS_DIR)/uiStackViewDemo.app/uiStackViewDemo";
			};
			name = Release;
		};
		3D3EB1251E41056400927350 /* Debug */ = {
			isa = XCBuildConfiguration;
			buildSettings = {
				ALWAYS_EMBED_SWIFT_STANDARD_LIBRARIES = YES;
				DEVELOPMENT_TEAM = 9E6ZNZ6URA;
				INFOPLIST_FILE = uiStackViewDemoUITests/Info.plist;
				LD_RUNPATH_SEARCH_PATHS = "$(inherited) @executable_path/Frameworks @loader_path/Frameworks";
				PRODUCT_BUNDLE_IDENTIFIER = leofontes.me.uiStackViewDemoUITests;
				PRODUCT_NAME = "$(TARGET_NAME)";
				SWIFT_VERSION = 3.0;
				TEST_TARGET_NAME = uiStackViewDemo;
			};
			name = Debug;
		};
		3D3EB1261E41056400927350 /* Release */ = {
			isa = XCBuildConfiguration;
			buildSettings = {
				ALWAYS_EMBED_SWIFT_STANDARD_LIBRARIES = YES;
				DEVELOPMENT_TEAM = 9E6ZNZ6URA;
				INFOPLIST_FILE = uiStackViewDemoUITests/Info.plist;
				LD_RUNPATH_SEARCH_PATHS = "$(inherited) @executable_path/Frameworks @loader_path/Frameworks";
				PRODUCT_BUNDLE_IDENTIFIER = leofontes.me.uiStackViewDemoUITests;
				PRODUCT_NAME = "$(TARGET_NAME)";
				SWIFT_VERSION = 3.0;
				TEST_TARGET_NAME = uiStackViewDemo;
			};
			name = Release;
		};
/* End XCBuildConfiguration section */

/* Begin XCConfigurationList section */
		3D3EB0F11E41056300927350 /* Build configuration list for PBXProject "uiStackViewDemo" */ = {
			isa = XCConfigurationList;
			buildConfigurations = (
				3D3EB11C1E41056400927350 /* Debug */,
				3D3EB11D1E41056400927350 /* Release */,
			);
			defaultConfigurationIsVisible = 0;
			defaultConfigurationName = Release;
		};
		3D3EB11E1E41056400927350 /* Build configuration list for PBXNativeTarget "uiStackViewDemo" */ = {
			isa = XCConfigurationList;
			buildConfigurations = (
				3D3EB11F1E41056400927350 /* Debug */,
				3D3EB1201E41056400927350 /* Release */,
			);
			defaultConfigurationIsVisible = 0;
		};
		3D3EB1211E41056400927350 /* Build configuration list for PBXNativeTarget "uiStackViewDemoTests" */ = {
			isa = XCConfigurationList;
			buildConfigurations = (
				3D3EB1221E41056400927350 /* Debug */,
				3D3EB1231E41056400927350 /* Release */,
			);
			defaultConfigurationIsVisible = 0;
		};
		3D3EB1241E41056400927350 /* Build configuration list for PBXNativeTarget "uiStackViewDemoUITests" */ = {
			isa = XCConfigurationList;
			buildConfigurations = (
				3D3EB1251E41056400927350 /* Debug */,
				3D3EB1261E41056400927350 /* Release */,
			);
			defaultConfigurationIsVisible = 0;
		};
/* End XCConfigurationList section */
	};
	rootObject = 3D3EB0EE1E41056300927350 /* Project object */;
}
